
Microsoft Visual Studio Solution File, Format Version 12.00
# Visual Studio Version 17
VisualStudioVersion = 17.14.36518.9 d17.14
MinimumVisualStudioVersion = 10.0.40219.1
Project("{FAE04EC0-301F-11D3-BF4B-00C04F79EFBC}") = "deleget", "deleget\deleget.csproj", "{A257212B-0540-4C83-AAE9-9BC848C0C61C}"
EndProject
Global
	GlobalSection(SolutionConfigurationPlatforms) = preSolution
		Debug|Any CPU = Debug|Any CPU
		Release|Any CPU = Release|Any CPU
	EndGlobalSection
	GlobalSection(ProjectConfigurationPlatforms) = postSolution
		{A257212B-0540-4C83-AAE9-9BC848C0C61C}.Debug|Any CPU.ActiveCfg = Debug|Any CPU
		{A257212B-0540-4C83-AAE9-9BC848C0C61C}.Debug|Any CPU.Build.0 = Debug|Any CPU
		{A257212B-0540-4C83-AAE9-9BC848C0C61C}.Release|Any CPU.ActiveCfg = Release|Any CPU
		{A257212B-0540-4C83-AAE9-9BC848C0C61C}.Release|Any CPU.Build.0 = Release|Any CPU
	EndGlobalSection
	GlobalSection(SolutionProperties) = preSolution
		HideSolutionNode = FALSE
	EndGlobalSection
	GlobalSection(ExtensibilityGlobals) = postSolution
		SolutionGuid = {1BC5EC15-D650-4D1A-B4B0-2A33090BDA06}
	EndGlobalSection
EndGlobal
